
Microsoft Visual Studio Solution File, Format Version 12.00
# Visual Studio Version 17
VisualStudioVersion = 17.14.36705.20 d17.14
MinimumVisualStudioVersion = 10.0.40219.1
Project("{FAE04EC0-301F-11D3-BF4B-00C04F79EFBC}") = "DrawGuessPlugin", "DrawGuessPlugin\DrawGuessPlugin.csproj", "{39351CF0-14DE-49A3-8BDD-207D00267250}"
EndProject
Global
	GlobalSection(SolutionConfigurationPlatforms) = preSolution
		Debug|Any CPU = Debug|Any CPU
		Release|Any CPU = Release|Any CPU
	EndGlobalSection
	GlobalSection(ProjectConfigurationPlatforms) = postSolution
		{39351CF0-14DE-49A3-8BDD-207D00267250}.Debug|Any CPU.ActiveCfg = Debug|Any CPU
		{39351CF0-14DE-49A3-8BDD-207D00267250}.Debug|Any CPU.Build.0 = Debug|Any CPU
		{39351CF0-14DE-49A3-8BDD-207D00267250}.Release|Any CPU.ActiveCfg = Release|Any CPU
		{39351CF0-14DE-49A3-8BDD-207D00267250}.Release|Any CPU.Build.0 = Release|Any CPU
	EndGlobalSection
	GlobalSection(SolutionProperties) = preSolution
		HideSolutionNode = FALSE
	EndGlobalSection
	GlobalSection(ExtensibilityGlobals) = postSolution
		SolutionGuid = {7EA245A8-3E30-4D91-AAC4-6317B6E27CB6}
	EndGlobalSection
EndGlobal
